// !$*UTF8*$!
{
	archiveVersion = 1;
	classes = {
	};
	objectVersion = 50;
	objects = {

/* Begin PBXBuildFile section */
		C60A119C22B257A200B3F509 /* AppDelegate.swift in Sources */ = {isa = PBXBuildFile; fileRef = C60A119B22B257A200B3F509 /* AppDelegate.swift */; };
		C60A119E22B257A200B3F509 /* MainView.swift in Sources */ = {isa = PBXBuildFile; fileRef = C60A119D22B257A200B3F509 /* MainView.swift */; };
		C60A11A122B257A200B3F509 /* HolyGrailGameEngine.xcdatamodeld in Sources */ = {isa = PBXBuildFile; fileRef = C60A119F22B257A200B3F509 /* HolyGrailGameEngine.xcdatamodeld */; };
		C60A11A322B257A200B3F509 /* Assets.xcassets in Resources */ = {isa = PBXBuildFile; fileRef = C60A11A222B257A200B3F509 /* Assets.xcassets */; };
		C60A11A622B257A200B3F509 /* Main.storyboard in Resources */ = {isa = PBXBuildFile; fileRef = C60A11A422B257A200B3F509 /* Main.storyboard */; };
		C60A11B222B257A200B3F509 /* HolyGrailGameEngineTests.swift in Sources */ = {isa = PBXBuildFile; fileRef = C60A11B122B257A200B3F509 /* HolyGrailGameEngineTests.swift */; };
		C60A11BD22B257A200B3F509 /* HolyGrailGameEngineUITests.swift in Sources */ = {isa = PBXBuildFile; fileRef = C60A11BC22B257A200B3F509 /* HolyGrailGameEngineUITests.swift */; };
		C60A11CD22B2597F00B3F509 /* Renderer.swift in Sources */ = {isa = PBXBuildFile; fileRef = C60A11CC22B2597F00B3F509 /* Renderer.swift */; };
		C60A11CF22B25A1500B3F509 /* Engine.swift in Sources */ = {isa = PBXBuildFile; fileRef = C60A11CE22B25A1500B3F509 /* Engine.swift */; };
		C60A11D222B25C3200B3F509 /* EngineSettings.swift in Sources */ = {isa = PBXBuildFile; fileRef = C60A11D122B25C3200B3F509 /* EngineSettings.swift */; };
		C60A11D622B2A4C900B3F509 /* BasicShaders.metal in Sources */ = {isa = PBXBuildFile; fileRef = C60A11D522B2A4C900B3F509 /* BasicShaders.metal */; };
		C60A11DA22B2A68C00B3F509 /* MetalTypes.swift in Sources */ = {isa = PBXBuildFile; fileRef = C60A11D922B2A68C00B3F509 /* MetalTypes.swift */; };
		C60A11DD22B2B03A00B3F509 /* math.swift in Sources */ = {isa = PBXBuildFile; fileRef = C60A11DC22B2B03A00B3F509 /* math.swift */; };
		C60A11E022B2B0BA00B3F509 /* GameNode.swift in Sources */ = {isa = PBXBuildFile; fileRef = C60A11DF22B2B0BA00B3F509 /* GameNode.swift */; };
		C60A11E222B2B1EC00B3F509 /* GameTime.swift in Sources */ = {isa = PBXBuildFile; fileRef = C60A11E122B2B1EC00B3F509 /* GameTime.swift */; };
		C60A11E522B2B2DB00B3F509 /* Renderable.swift in Sources */ = {isa = PBXBuildFile; fileRef = C60A11E422B2B2DB00B3F509 /* Renderable.swift */; };
		C60A11E722B2B32E00B3F509 /* GameScene.swift in Sources */ = {isa = PBXBuildFile; fileRef = C60A11E622B2B32E00B3F509 /* GameScene.swift */; };
		C60A11E922B2B45200B3F509 /* GameObject.swift in Sources */ = {isa = PBXBuildFile; fileRef = C60A11E822B2B45200B3F509 /* GameObject.swift */; };
		C60A11ED22B2B49A00B3F509 /* SandboxScene.swift in Sources */ = {isa = PBXBuildFile; fileRef = C60A11EC22B2B49A00B3F509 /* SandboxScene.swift */; };
		C60A11EF22B2B4A500B3F509 /* Triangle.swift in Sources */ = {isa = PBXBuildFile; fileRef = C60A11EE22B2B4A500B3F509 /* Triangle.swift */; };
		C60A11F322B3B47400B3F509 /* MeshLibrary.swift in Sources */ = {isa = PBXBuildFile; fileRef = C60A11F222B3B47400B3F509 /* MeshLibrary.swift */; };
		C60A11F822B3B59D00B3F509 /* Library.swift in Sources */ = {isa = PBXBuildFile; fileRef = C60A11F722B3B59D00B3F509 /* Library.swift */; };
		C60A11FA22B3B9BD00B3F509 /* CustomMeshes.swift in Sources */ = {isa = PBXBuildFile; fileRef = C60A11F922B3B9BD00B3F509 /* CustomMeshes.swift */; };
		C60A11FC22B3BAE700B3F509 /* Entities.swift in Sources */ = {isa = PBXBuildFile; fileRef = C60A11FB22B3BAE700B3F509 /* Entities.swift */; };
		C617AF4322D1966000A14D10 /* Tessellation.metal in Sources */ = {isa = PBXBuildFile; fileRef = C617AF4222D1966000A14D10 /* Tessellation.metal */; };
		C617AF4522D19C2000A14D10 /* Bounds.swift in Sources */ = {isa = PBXBuildFile; fileRef = C617AF4422D19C2000A14D10 /* Bounds.swift */; };
		C642C1AE22C7027F009493D6 /* Terrain.swift in Sources */ = {isa = PBXBuildFile; fileRef = C642C1AD22C7027F009493D6 /* Terrain.swift */; };
		C642C1D622CAEEBC009493D6 /* bird.png in Resources */ = {isa = PBXBuildFile; fileRef = C642C1D522CAEEBC009493D6 /* bird.png */; };
		C6441EAF22B5CCD600CAA3FE /* Shader.swift in Sources */ = {isa = PBXBuildFile; fileRef = C6441EAE22B5CCD600CAA3FE /* Shader.swift */; };
		C6441EB322B5CEB200CAA3FE /* RenderPipelineStateLibrary.swift in Sources */ = {isa = PBXBuildFile; fileRef = C6441EB222B5CEB200CAA3FE /* RenderPipelineStateLibrary.swift */; };
		C6441EB522B5D3CD00CAA3FE /* Graphics.swift in Sources */ = {isa = PBXBuildFile; fileRef = C6441EB422B5D3CD00CAA3FE /* Graphics.swift */; };
		C6441EBA22B673D000CAA3FE /* MetalTypes.metal in Sources */ = {isa = PBXBuildFile; fileRef = C6441EB922B673D000CAA3FE /* MetalTypes.metal */; };
		C6441EBC22B675DD00CAA3FE /* GameCamera.swift in Sources */ = {isa = PBXBuildFile; fileRef = C6441EBB22B675DD00CAA3FE /* GameCamera.swift */; };
		C6441EBF22B6767800CAA3FE /* DebugCamera.swift in Sources */ = {isa = PBXBuildFile; fileRef = C6441EBE22B6767800CAA3FE /* DebugCamera.swift */; };
		C6441EC222B67D5A00CAA3FE /* SceneManager.swift in Sources */ = {isa = PBXBuildFile; fileRef = C6441EC122B67D5A00CAA3FE /* SceneManager.swift */; };
		C6441EC422B67F2000CAA3FE /* CameraManager.swift in Sources */ = {isa = PBXBuildFile; fileRef = C6441EC322B67F2000CAA3FE /* CameraManager.swift */; };
		C6441EC622B68AB900CAA3FE /* BufferManager.swift in Sources */ = {isa = PBXBuildFile; fileRef = C6441EC522B68AB900CAA3FE /* BufferManager.swift */; };
		C6441ECA22B710FD00CAA3FE /* ModelMeshes.swift in Sources */ = {isa = PBXBuildFile; fileRef = C6441EC922B710FD00CAA3FE /* ModelMeshes.swift */; };
		C6441ED022B7124900CAA3FE /* cruiser.mtl in Resources */ = {isa = PBXBuildFile; fileRef = C6441ECD22B7124900CAA3FE /* cruiser.mtl */; };
		C6441ED122B7124900CAA3FE /* cruiser.obj in Resources */ = {isa = PBXBuildFile; fileRef = C6441ECE22B7124900CAA3FE /* cruiser.obj */; };
		C6441ED222B7124900CAA3FE /* cruiser.bmp in Resources */ = {isa = PBXBuildFile; fileRef = C6441ECF22B7124900CAA3FE /* cruiser.bmp */; };
		C6441ED422B7126700CAA3FE /* Cruiser.swift in Sources */ = {isa = PBXBuildFile; fileRef = C6441ED322B7126700CAA3FE /* Cruiser.swift */; };
		C6441ED922B712EE00CAA3FE /* KeyCodes.swift in Sources */ = {isa = PBXBuildFile; fileRef = C6441ED622B712EE00CAA3FE /* KeyCodes.swift */; };
		C6441EDA22B712EE00CAA3FE /* Mouse.swift in Sources */ = {isa = PBXBuildFile; fileRef = C6441ED722B712EE00CAA3FE /* Mouse.swift */; };
		C6441EDB22B712EE00CAA3FE /* Keyboard.swift in Sources */ = {isa = PBXBuildFile; fileRef = C6441ED822B712EE00CAA3FE /* Keyboard.swift */; };
		C6441EDE22B717B900CAA3FE /* TextureLibrary.swift in Sources */ = {isa = PBXBuildFile; fileRef = C6441EDD22B717B900CAA3FE /* TextureLibrary.swift */; };
		C6441EE022B7321A00CAA3FE /* SamperStateLibrary.swift in Sources */ = {isa = PBXBuildFile; fileRef = C6441EDF22B7321A00CAA3FE /* SamperStateLibrary.swift */; };
		C6441EE222B7327700CAA3FE /* DepthStencilStateLibrary.swift in Sources */ = {isa = PBXBuildFile; fileRef = C6441EE122B7327700CAA3FE /* DepthStencilStateLibrary.swift */; };
		C6441EE422B7F4F400CAA3FE /* LightManager.swift in Sources */ = {isa = PBXBuildFile; fileRef = C6441EE322B7F4F400CAA3FE /* LightManager.swift */; };
		C6441EE622B7F89000CAA3FE /* GameLightObject.swift in Sources */ = {isa = PBXBuildFile; fileRef = C6441EE522B7F89000CAA3FE /* GameLightObject.swift */; };
		C6441EE822B7F9C800CAA3FE /* Lamp.swift in Sources */ = {isa = PBXBuildFile; fileRef = C6441EE722B7F9C800CAA3FE /* Lamp.swift */; };
		C6441EEC22B7FAF200CAA3FE /* sphere.obj in Resources */ = {isa = PBXBuildFile; fileRef = C6441EEB22B7FAF200CAA3FE /* sphere.obj */; };
		C6441EFD22B7FD6C00CAA3FE /* Sphere.swift in Sources */ = {isa = PBXBuildFile; fileRef = C6441EFC22B7FD6C00CAA3FE /* Sphere.swift */; };
		C6441F0622B7FDF400CAA3FE /* sand_ambient_occlusion.png in Resources */ = {isa = PBXBuildFile; fileRef = C6441EFF22B7FDF400CAA3FE /* sand_ambient_occlusion.png */; };
		C6441F0722B7FDF400CAA3FE /* sand_glossiness.png in Resources */ = {isa = PBXBuildFile; fileRef = C6441F0022B7FDF400CAA3FE /* sand_glossiness.png */; };
		C6441F0822B7FDF400CAA3FE /* sand_height.png in Resources */ = {isa = PBXBuildFile; fileRef = C6441F0122B7FDF400CAA3FE /* sand_height.png */; };
		C6441F0922B7FDF400CAA3FE /* sand_normal.png in Resources */ = {isa = PBXBuildFile; fileRef = C6441F0222B7FDF400CAA3FE /* sand_normal.png */; };
		C6441F0A22B7FDF400CAA3FE /* README.md in Resources */ = {isa = PBXBuildFile; fileRef = C6441F0322B7FDF400CAA3FE /* README.md */; };
		C6441F0B22B7FDF400CAA3FE /* sand_basecolor.png in Resources */ = {isa = PBXBuildFile; fileRef = C6441F0422B7FDF400CAA3FE /* sand_basecolor.png */; };
		C6441F0C22B7FDF400CAA3FE /* sand_preview.png in Resources */ = {isa = PBXBuildFile; fileRef = C6441F0522B7FDF400CAA3FE /* sand_preview.png */; };
		C68D076322BC6812006B6583 /* Quad.swift in Sources */ = {isa = PBXBuildFile; fileRef = C68D076222BC6812006B6583 /* Quad.swift */; };
		C68D076522BC6836006B6583 /* TerrainScene.swift in Sources */ = {isa = PBXBuildFile; fileRef = C68D076422BC6836006B6583 /* TerrainScene.swift */; };
		C6AAEA9722BC79A600DF7AC0 /* ComputePipelineStateLibrary.swift in Sources */ = {isa = PBXBuildFile; fileRef = C6AAEA9622BC79A600DF7AC0 /* ComputePipelineStateLibrary.swift */; };
		C6AAEA9922BC7CE500DF7AC0 /* Computable.swift in Sources */ = {isa = PBXBuildFile; fileRef = C6AAEA9822BC7CE500DF7AC0 /* Computable.swift */; };
/* End PBXBuildFile section */

/* Begin PBXContainerItemProxy section */
		C60A11AE22B257A200B3F509 /* PBXContainerItemProxy */ = {
			isa = PBXContainerItemProxy;
			containerPortal = C60A119022B257A200B3F509 /* Project object */;
			proxyType = 1;
			remoteGlobalIDString = C60A119722B257A200B3F509;
			remoteInfo = HolyGrailGameEngine;
		};
		C60A11B922B257A200B3F509 /* PBXContainerItemProxy */ = {
			isa = PBXContainerItemProxy;
			containerPortal = C60A119022B257A200B3F509 /* Project object */;
			proxyType = 1;
			remoteGlobalIDString = C60A119722B257A200B3F509;
			remoteInfo = HolyGrailGameEngine;
		};
/* End PBXContainerItemProxy section */

/* Begin PBXFileReference section */
		C60A119822B257A200B3F509 /* HolyGrailGameEngine.app */ = {isa = PBXFileReference; explicitFileType = wrapper.application; includeInIndex = 0; path = HolyGrailGameEngine.app; sourceTree = BUILT_PRODUCTS_DIR; };
		C60A119B22B257A200B3F509 /* AppDelegate.swift */ = {isa = PBXFileReference; lastKnownFileType = sourcecode.swift; path = AppDelegate.swift; sourceTree = "<group>"; };
		C60A119D22B257A200B3F509 /* MainView.swift */ = {isa = PBXFileReference; lastKnownFileType = sourcecode.swift; path = MainView.swift; sourceTree = "<group>"; };
		C60A11A022B257A200B3F509 /* HolyGrailGameEngine.xcdatamodel */ = {isa = PBXFileReference; lastKnownFileType = wrapper.xcdatamodel; path = HolyGrailGameEngine.xcdatamodel; sourceTree = "<group>"; };
		C60A11A222B257A200B3F509 /* Assets.xcassets */ = {isa = PBXFileReference; lastKnownFileType = folder.assetcatalog; path = Assets.xcassets; sourceTree = "<group>"; };
		C60A11A522B257A200B3F509 /* Base */ = {isa = PBXFileReference; lastKnownFileType = file.storyboard; name = Base; path = Base.lproj/Main.storyboard; sourceTree = "<group>"; };
		C60A11A722B257A200B3F509 /* Info.plist */ = {isa = PBXFileReference; lastKnownFileType = text.plist.xml; path = Info.plist; sourceTree = "<group>"; };
		C60A11A822B257A200B3F509 /* HolyGrailGameEngine.entitlements */ = {isa = PBXFileReference; lastKnownFileType = text.plist.entitlements; path = HolyGrailGameEngine.entitlements; sourceTree = "<group>"; };
		C60A11AD22B257A200B3F509 /* HolyGrailGameEngineTests.xctest */ = {isa = PBXFileReference; explicitFileType = wrapper.cfbundle; includeInIndex = 0; path = HolyGrailGameEngineTests.xctest; sourceTree = BUILT_PRODUCTS_DIR; };
		C60A11B122B257A200B3F509 /* HolyGrailGameEngineTests.swift */ = {isa = PBXFileReference; lastKnownFileType = sourcecode.swift; path = HolyGrailGameEngineTests.swift; sourceTree = "<group>"; };
		C60A11B322B257A200B3F509 /* Info.plist */ = {isa = PBXFileReference; lastKnownFileType = text.plist.xml; path = Info.plist; sourceTree = "<group>"; };
		C60A11B822B257A200B3F509 /* HolyGrailGameEngineUITests.xctest */ = {isa = PBXFileReference; explicitFileType = wrapper.cfbundle; includeInIndex = 0; path = HolyGrailGameEngineUITests.xctest; sourceTree = BUILT_PRODUCTS_DIR; };
		C60A11BC22B257A200B3F509 /* HolyGrailGameEngineUITests.swift */ = {isa = PBXFileReference; lastKnownFileType = sourcecode.swift; path = HolyGrailGameEngineUITests.swift; sourceTree = "<group>"; };
		C60A11BE22B257A200B3F509 /* Info.plist */ = {isa = PBXFileReference; lastKnownFileType = text.plist.xml; path = Info.plist; sourceTree = "<group>"; };
		C60A11CC22B2597F00B3F509 /* Renderer.swift */ = {isa = PBXFileReference; lastKnownFileType = sourcecode.swift; path = Renderer.swift; sourceTree = "<group>"; };
		C60A11CE22B25A1500B3F509 /* Engine.swift */ = {isa = PBXFileReference; lastKnownFileType = sourcecode.swift; path = Engine.swift; sourceTree = "<group>"; };
		C60A11D122B25C3200B3F509 /* EngineSettings.swift */ = {isa = PBXFileReference; lastKnownFileType = sourcecode.swift; path = EngineSettings.swift; sourceTree = "<group>"; };
		C60A11D522B2A4C900B3F509 /* BasicShaders.metal */ = {isa = PBXFileReference; lastKnownFileType = sourcecode.metal; path = BasicShaders.metal; sourceTree = "<group>"; };
		C60A11D922B2A68C00B3F509 /* MetalTypes.swift */ = {isa = PBXFileReference; lastKnownFileType = sourcecode.swift; path = MetalTypes.swift; sourceTree = "<group>"; };
		C60A11DC22B2B03A00B3F509 /* math.swift */ = {isa = PBXFileReference; lastKnownFileType = sourcecode.swift; path = math.swift; sourceTree = "<group>"; };
		C60A11DF22B2B0BA00B3F509 /* GameNode.swift */ = {isa = PBXFileReference; lastKnownFileType = sourcecode.swift; path = GameNode.swift; sourceTree = "<group>"; };
		C60A11E122B2B1EC00B3F509 /* GameTime.swift */ = {isa = PBXFileReference; lastKnownFileType = sourcecode.swift; path = GameTime.swift; sourceTree = "<group>"; };
		C60A11E422B2B2DB00B3F509 /* Renderable.swift */ = {isa = PBXFileReference; lastKnownFileType = sourcecode.swift; path = Renderable.swift; sourceTree = "<group>"; };
		C60A11E622B2B32E00B3F509 /* GameScene.swift */ = {isa = PBXFileReference; lastKnownFileType = sourcecode.swift; path = GameScene.swift; sourceTree = "<group>"; };
		C60A11E822B2B45200B3F509 /* GameObject.swift */ = {isa = PBXFileReference; lastKnownFileType = sourcecode.swift; path = GameObject.swift; sourceTree = "<group>"; };
		C60A11EC22B2B49A00B3F509 /* SandboxScene.swift */ = {isa = PBXFileReference; lastKnownFileType = sourcecode.swift; path = SandboxScene.swift; sourceTree = "<group>"; };
		C60A11EE22B2B4A500B3F509 /* Triangle.swift */ = {isa = PBXFileReference; lastKnownFileType = sourcecode.swift; path = Triangle.swift; sourceTree = "<group>"; };
		C60A11F222B3B47400B3F509 /* MeshLibrary.swift */ = {isa = PBXFileReference; lastKnownFileType = sourcecode.swift; path = MeshLibrary.swift; sourceTree = "<group>"; };
		C60A11F722B3B59D00B3F509 /* Library.swift */ = {isa = PBXFileReference; lastKnownFileType = sourcecode.swift; path = Library.swift; sourceTree = "<group>"; };
		C60A11F922B3B9BD00B3F509 /* CustomMeshes.swift */ = {isa = PBXFileReference; lastKnownFileType = sourcecode.swift; path = CustomMeshes.swift; sourceTree = "<group>"; };
		C60A11FB22B3BAE700B3F509 /* Entities.swift */ = {isa = PBXFileReference; lastKnownFileType = sourcecode.swift; path = Entities.swift; sourceTree = "<group>"; };
		C617AF4222D1966000A14D10 /* Tessellation.metal */ = {isa = PBXFileReference; lastKnownFileType = sourcecode.metal; path = Tessellation.metal; sourceTree = "<group>"; };
		C617AF4422D19C2000A14D10 /* Bounds.swift */ = {isa = PBXFileReference; lastKnownFileType = sourcecode.swift; path = Bounds.swift; sourceTree = "<group>"; };
		C642C1AD22C7027F009493D6 /* Terrain.swift */ = {isa = PBXFileReference; lastKnownFileType = sourcecode.swift; path = Terrain.swift; sourceTree = "<group>"; };
		C642C1D522CAEEBC009493D6 /* bird.png */ = {isa = PBXFileReference; lastKnownFileType = image.png; path = bird.png; sourceTree = "<group>"; };
		C6441EAE22B5CCD600CAA3FE /* Shader.swift */ = {isa = PBXFileReference; lastKnownFileType = sourcecode.swift; path = Shader.swift; sourceTree = "<group>"; };
		C6441EB222B5CEB200CAA3FE /* RenderPipelineStateLibrary.swift */ = {isa = PBXFileReference; lastKnownFileType = sourcecode.swift; path = RenderPipelineStateLibrary.swift; sourceTree = "<group>"; };
		C6441EB422B5D3CD00CAA3FE /* Graphics.swift */ = {isa = PBXFileReference; lastKnownFileType = sourcecode.swift; path = Graphics.swift; sourceTree = "<group>"; };
		C6441EB922B673D000CAA3FE /* MetalTypes.metal */ = {isa = PBXFileReference; lastKnownFileType = sourcecode.metal; path = MetalTypes.metal; sourceTree = "<group>"; };
		C6441EBB22B675DD00CAA3FE /* GameCamera.swift */ = {isa = PBXFileReference; lastKnownFileType = sourcecode.swift; path = GameCamera.swift; sourceTree = "<group>"; };
		C6441EBE22B6767800CAA3FE /* DebugCamera.swift */ = {isa = PBXFileReference; lastKnownFileType = sourcecode.swift; path = DebugCamera.swift; sourceTree = "<group>"; };
		C6441EC122B67D5A00CAA3FE /* SceneManager.swift */ = {isa = PBXFileReference; lastKnownFileType = sourcecode.swift; path = SceneManager.swift; sourceTree = "<group>"; };
		C6441EC322B67F2000CAA3FE /* CameraManager.swift */ = {isa = PBXFileReference; lastKnownFileType = sourcecode.swift; path = CameraManager.swift; sourceTree = "<group>"; };
		C6441EC522B68AB900CAA3FE /* BufferManager.swift */ = {isa = PBXFileReference; lastKnownFileType = sourcecode.swift; path = BufferManager.swift; sourceTree = "<group>"; };
		C6441EC922B710FD00CAA3FE /* ModelMeshes.swift */ = {isa = PBXFileReference; lastKnownFileType = sourcecode.swift; path = ModelMeshes.swift; sourceTree = "<group>"; };
		C6441ECD22B7124900CAA3FE /* cruiser.mtl */ = {isa = PBXFileReference; fileEncoding = 4; lastKnownFileType = text; path = cruiser.mtl; sourceTree = "<group>"; };
		C6441ECE22B7124900CAA3FE /* cruiser.obj */ = {isa = PBXFileReference; fileEncoding = 4; lastKnownFileType = text; path = cruiser.obj; sourceTree = "<group>"; };
		C6441ECF22B7124900CAA3FE /* cruiser.bmp */ = {isa = PBXFileReference; lastKnownFileType = image.bmp; path = cruiser.bmp; sourceTree = "<group>"; };
		C6441ED322B7126700CAA3FE /* Cruiser.swift */ = {isa = PBXFileReference; lastKnownFileType = sourcecode.swift; path = Cruiser.swift; sourceTree = "<group>"; };
		C6441ED622B712EE00CAA3FE /* KeyCodes.swift */ = {isa = PBXFileReference; fileEncoding = 4; lastKnownFileType = sourcecode.swift; path = KeyCodes.swift; sourceTree = "<group>"; };
		C6441ED722B712EE00CAA3FE /* Mouse.swift */ = {isa = PBXFileReference; fileEncoding = 4; lastKnownFileType = sourcecode.swift; path = Mouse.swift; sourceTree = "<group>"; };
		C6441ED822B712EE00CAA3FE /* Keyboard.swift */ = {isa = PBXFileReference; fileEncoding = 4; lastKnownFileType = sourcecode.swift; path = Keyboard.swift; sourceTree = "<group>"; };
		C6441EDD22B717B900CAA3FE /* TextureLibrary.swift */ = {isa = PBXFileReference; lastKnownFileType = sourcecode.swift; path = TextureLibrary.swift; sourceTree = "<group>"; };
		C6441EDF22B7321A00CAA3FE /* SamperStateLibrary.swift */ = {isa = PBXFileReference; lastKnownFileType = sourcecode.swift; path = SamperStateLibrary.swift; sourceTree = "<group>"; };
		C6441EE122B7327700CAA3FE /* DepthStencilStateLibrary.swift */ = {isa = PBXFileReference; lastKnownFileType = sourcecode.swift; path = DepthStencilStateLibrary.swift; sourceTree = "<group>"; };
		C6441EE322B7F4F400CAA3FE /* LightManager.swift */ = {isa = PBXFileReference; lastKnownFileType = sourcecode.swift; path = LightManager.swift; sourceTree = "<group>"; };
		C6441EE522B7F89000CAA3FE /* GameLightObject.swift */ = {isa = PBXFileReference; lastKnownFileType = sourcecode.swift; path = GameLightObject.swift; sourceTree = "<group>"; };
		C6441EE722B7F9C800CAA3FE /* Lamp.swift */ = {isa = PBXFileReference; lastKnownFileType = sourcecode.swift; path = Lamp.swift; sourceTree = "<group>"; };
		C6441EEB22B7FAF200CAA3FE /* sphere.obj */ = {isa = PBXFileReference; fileEncoding = 4; lastKnownFileType = text; path = sphere.obj; sourceTree = "<group>"; };
		C6441EFC22B7FD6C00CAA3FE /* Sphere.swift */ = {isa = PBXFileReference; lastKnownFileType = sourcecode.swift; path = Sphere.swift; sourceTree = "<group>"; };
		C6441EFF22B7FDF400CAA3FE /* sand_ambient_occlusion.png */ = {isa = PBXFileReference; lastKnownFileType = image.png; path = sand_ambient_occlusion.png; sourceTree = "<group>"; };
		C6441F0022B7FDF400CAA3FE /* sand_glossiness.png */ = {isa = PBXFileReference; lastKnownFileType = image.png; path = sand_glossiness.png; sourceTree = "<group>"; };
		C6441F0122B7FDF400CAA3FE /* sand_height.png */ = {isa = PBXFileReference; lastKnownFileType = image.png; path = sand_height.png; sourceTree = "<group>"; };
		C6441F0222B7FDF400CAA3FE /* sand_normal.png */ = {isa = PBXFileReference; lastKnownFileType = image.png; path = sand_normal.png; sourceTree = "<group>"; };
		C6441F0322B7FDF400CAA3FE /* README.md */ = {isa = PBXFileReference; fileEncoding = 4; lastKnownFileType = net.daringfireball.markdown; path = README.md; sourceTree = "<group>"; };
		C6441F0422B7FDF400CAA3FE /* sand_basecolor.png */ = {isa = PBXFileReference; lastKnownFileType = image.png; path = sand_basecolor.png; sourceTree = "<group>"; };
		C6441F0522B7FDF400CAA3FE /* sand_preview.png */ = {isa = PBXFileReference; lastKnownFileType = image.png; path = sand_preview.png; sourceTree = "<group>"; };
		C68D076222BC6812006B6583 /* Quad.swift */ = {isa = PBXFileReference; lastKnownFileType = sourcecode.swift; path = Quad.swift; sourceTree = "<group>"; };
		C68D076422BC6836006B6583 /* TerrainScene.swift */ = {isa = PBXFileReference; lastKnownFileType = sourcecode.swift; path = TerrainScene.swift; sourceTree = "<group>"; };
		C6AAEA9622BC79A600DF7AC0 /* ComputePipelineStateLibrary.swift */ = {isa = PBXFileReference; lastKnownFileType = sourcecode.swift; path = ComputePipelineStateLibrary.swift; sourceTree = "<group>"; };
		C6AAEA9822BC7CE500DF7AC0 /* Computable.swift */ = {isa = PBXFileReference; lastKnownFileType = sourcecode.swift; path = Computable.swift; sourceTree = "<group>"; };
		C6B6552022C598B300F99990 /* HolyGrailFramework.framework */ = {isa = PBXFileReference; lastKnownFileType = wrapper.framework; name = HolyGrailFramework.framework; path = "../../../Library/Developer/Xcode/DerivedData/HolyGrailFramework-gukgdgkpxfdvwdbxhqgqgguleaed/Build/Products/Debug/HolyGrailFramework.framework"; sourceTree = "<group>"; };
/* End PBXFileReference section */

/* Begin PBXFrameworksBuildPhase section */
		C60A119522B257A200B3F509 /* Frameworks */ = {
			isa = PBXFrameworksBuildPhase;
			buildActionMask = 2147483647;
			files = (
			);
			runOnlyForDeploymentPostprocessing = 0;
		};
		C60A11AA22B257A200B3F509 /* Frameworks */ = {
			isa = PBXFrameworksBuildPhase;
			buildActionMask = 2147483647;
			files = (
			);
			runOnlyForDeploymentPostprocessing = 0;
		};
		C60A11B522B257A200B3F509 /* Frameworks */ = {
			isa = PBXFrameworksBuildPhase;
			buildActionMask = 2147483647;
			files = (
			);
			runOnlyForDeploymentPostprocessing = 0;
		};
/* End PBXFrameworksBuildPhase section */

/* Begin PBXGroup section */
		C60A118F22B257A200B3F509 = {
			isa = PBXGroup;
			children = (
				C60A119A22B257A200B3F509 /* HolyGrailGameEngine */,
				C60A11B022B257A200B3F509 /* HolyGrailGameEngineTests */,
				C60A11BB22B257A200B3F509 /* HolyGrailGameEngineUITests */,
				C60A119922B257A200B3F509 /* Products */,
				C6B6551F22C598B300F99990 /* Frameworks */,
			);
			sourceTree = "<group>";
		};
		C60A119922B257A200B3F509 /* Products */ = {
			isa = PBXGroup;
			children = (
				C60A119822B257A200B3F509 /* HolyGrailGameEngine.app */,
				C60A11AD22B257A200B3F509 /* HolyGrailGameEngineTests.xctest */,
				C60A11B822B257A200B3F509 /* HolyGrailGameEngineUITests.xctest */,
			);
			name = Products;
			sourceTree = "<group>";
		};
		C60A119A22B257A200B3F509 /* HolyGrailGameEngine */ = {
			isa = PBXGroup;
			children = (
				C6441ECB22B7122100CAA3FE /* Resources */,
				C60A11D022B25A1B00B3F509 /* Core */,
				C6441EC022B67D4600CAA3FE /* Managers */,
				C60A11F022B3B36200B3F509 /* Entities */,
				C60A11D322B2A49D00B3F509 /* Graphics */,
				C60A11DE22B2B09300B3F509 /* Game */,
				C60A11CB22B258AF00B3F509 /* Display */,
				C60A11CA22B258A200B3F509 /* OtherFiles */,
			);
			path = HolyGrailGameEngine;
			sourceTree = "<group>";
		};
		C60A11B022B257A200B3F509 /* HolyGrailGameEngineTests */ = {
			isa = PBXGroup;
			children = (
				C60A11B122B257A200B3F509 /* HolyGrailGameEngineTests.swift */,
				C60A11B322B257A200B3F509 /* Info.plist */,
			);
			path = HolyGrailGameEngineTests;
			sourceTree = "<group>";
		};
		C60A11BB22B257A200B3F509 /* HolyGrailGameEngineUITests */ = {
			isa = PBXGroup;
			children = (
				C60A11BC22B257A200B3F509 /* HolyGrailGameEngineUITests.swift */,
				C60A11BE22B257A200B3F509 /* Info.plist */,
			);
			path = HolyGrailGameEngineUITests;
			sourceTree = "<group>";
		};
		C60A11CA22B258A200B3F509 /* OtherFiles */ = {
			isa = PBXGroup;
			children = (
				C60A119B22B257A200B3F509 /* AppDelegate.swift */,
				C60A11A222B257A200B3F509 /* Assets.xcassets */,
				C60A11A722B257A200B3F509 /* Info.plist */,
				C60A11A822B257A200B3F509 /* HolyGrailGameEngine.entitlements */,
				C60A119F22B257A200B3F509 /* HolyGrailGameEngine.xcdatamodeld */,
			);
			path = OtherFiles;
			sourceTree = "<group>";
		};
		C60A11CB22B258AF00B3F509 /* Display */ = {
			isa = PBXGroup;
			children = (
				C60A119D22B257A200B3F509 /* MainView.swift */,
				C60A11CC22B2597F00B3F509 /* Renderer.swift */,
				C60A11A422B257A200B3F509 /* Main.storyboard */,
			);
			path = Display;
			sourceTree = "<group>";
		};
		C60A11D022B25A1B00B3F509 /* Core */ = {
			isa = PBXGroup;
			children = (
				C60A11CE22B25A1500B3F509 /* Engine.swift */,
				C60A11D122B25C3200B3F509 /* EngineSettings.swift */,
				C60A11E122B2B1EC00B3F509 /* GameTime.swift */,
				C60A11DB22B2AE6500B3F509 /* maths */,
				C60A11F422B3B4A900B3F509 /* types */,
				C6441ED522B712EE00CAA3FE /* input */,
			);
			path = Core;
			sourceTree = "<group>";
		};
		C60A11D322B2A49D00B3F509 /* Graphics */ = {
			isa = PBXGroup;
			children = (
				C6441EB422B5D3CD00CAA3FE /* Graphics.swift */,
				C6441EAD22B5CC3D00CAA3FE /* libraries */,
				C60A11D422B2A4A700B3F509 /* shaders */,
			);
			path = Graphics;
			sourceTree = "<group>";
		};
		C60A11D422B2A4A700B3F509 /* shaders */ = {
			isa = PBXGroup;
			children = (
				C6441EB922B673D000CAA3FE /* MetalTypes.metal */,
				C617AF4222D1966000A14D10 /* Tessellation.metal */,
				C60A11D522B2A4C900B3F509 /* BasicShaders.metal */,
			);
			path = shaders;
			sourceTree = "<group>";
		};
		C60A11DB22B2AE6500B3F509 /* maths */ = {
			isa = PBXGroup;
			children = (
				C60A11DC22B2B03A00B3F509 /* math.swift */,
			);
			path = maths;
			sourceTree = "<group>";
		};
		C60A11DE22B2B09300B3F509 /* Game */ = {
			isa = PBXGroup;
			children = (
				C60A11DF22B2B0BA00B3F509 /* GameNode.swift */,
				C60A11E622B2B32E00B3F509 /* GameScene.swift */,
				C60A11E822B2B45200B3F509 /* GameObject.swift */,
				C6441EE522B7F89000CAA3FE /* GameLightObject.swift */,
				C6441EBB22B675DD00CAA3FE /* GameCamera.swift */,
				C6441EBD22B6766300CAA3FE /* game_cameras */,
				C60A11EA22B2B47900B3F509 /* game_scenes */,
				C6441EE922B7F9CC00CAA3FE /* light_objects */,
				C60A11EB22B2B48500B3F509 /* game_objects */,
			);
			path = Game;
			sourceTree = "<group>";
		};
		C60A11E322B2B2CE00B3F509 /* protocols */ = {
			isa = PBXGroup;
			children = (
				C60A11E422B2B2DB00B3F509 /* Renderable.swift */,
				C6AAEA9822BC7CE500DF7AC0 /* Computable.swift */,
			);
			path = protocols;
			sourceTree = "<group>";
		};
		C60A11EA22B2B47900B3F509 /* game_scenes */ = {
			isa = PBXGroup;
			children = (
				C60A11EC22B2B49A00B3F509 /* SandboxScene.swift */,
				C68D076422BC6836006B6583 /* TerrainScene.swift */,
			);
			path = game_scenes;
			sourceTree = "<group>";
		};
		C60A11EB22B2B48500B3F509 /* game_objects */ = {
			isa = PBXGroup;
			children = (
				C60A11EE22B2B4A500B3F509 /* Triangle.swift */,
				C6441ED322B7126700CAA3FE /* Cruiser.swift */,
				C6441EFC22B7FD6C00CAA3FE /* Sphere.swift */,
				C68D076222BC6812006B6583 /* Quad.swift */,
				C642C1AD22C7027F009493D6 /* Terrain.swift */,
			);
			path = game_objects;
			sourceTree = "<group>";
		};
		C60A11F022B3B36200B3F509 /* Entities */ = {
			isa = PBXGroup;
			children = (
				C642C1D522CAEEBC009493D6 /* bird.png */,
				C60A11FB22B3BAE700B3F509 /* Entities.swift */,
				C60A11F122B3B37000B3F509 /* meshes */,
				C6441EDC22B7178600CAA3FE /* textures */,
			);
			path = Entities;
			sourceTree = "<group>";
		};
		C60A11F122B3B37000B3F509 /* meshes */ = {
			isa = PBXGroup;
			children = (
				C60A11F222B3B47400B3F509 /* MeshLibrary.swift */,
				C60A11F922B3B9BD00B3F509 /* CustomMeshes.swift */,
				C6441EC922B710FD00CAA3FE /* ModelMeshes.swift */,
			);
			path = meshes;
			sourceTree = "<group>";
		};
		C60A11F422B3B4A900B3F509 /* types */ = {
			isa = PBXGroup;
			children = (
				C60A11D922B2A68C00B3F509 /* MetalTypes.swift */,
				C60A11F722B3B59D00B3F509 /* Library.swift */,
				C6441EAE22B5CCD600CAA3FE /* Shader.swift */,
				C617AF4422D19C2000A14D10 /* Bounds.swift */,
				C60A11E322B2B2CE00B3F509 /* protocols */,
			);
			path = types;
			sourceTree = "<group>";
		};
		C6441EAD22B5CC3D00CAA3FE /* libraries */ = {
			isa = PBXGroup;
			children = (
				C6441EB222B5CEB200CAA3FE /* RenderPipelineStateLibrary.swift */,
				C6AAEA9622BC79A600DF7AC0 /* ComputePipelineStateLibrary.swift */,
				C6441EDF22B7321A00CAA3FE /* SamperStateLibrary.swift */,
				C6441EE122B7327700CAA3FE /* DepthStencilStateLibrary.swift */,
			);
			path = libraries;
			sourceTree = "<group>";
		};
		C6441EBD22B6766300CAA3FE /* game_cameras */ = {
			isa = PBXGroup;
			children = (
				C6441EBE22B6767800CAA3FE /* DebugCamera.swift */,
			);
			path = game_cameras;
			sourceTree = "<group>";
		};
		C6441EC022B67D4600CAA3FE /* Managers */ = {
			isa = PBXGroup;
			children = (
				C6441EE322B7F4F400CAA3FE /* LightManager.swift */,
				C6441EC522B68AB900CAA3FE /* BufferManager.swift */,
				C6441EC122B67D5A00CAA3FE /* SceneManager.swift */,
				C6441EC322B67F2000CAA3FE /* CameraManager.swift */,
			);
			path = Managers;
			sourceTree = "<group>";
		};
		C6441ECB22B7122100CAA3FE /* Resources */ = {
			isa = PBXGroup;
			children = (
				C6441EEB22B7FAF200CAA3FE /* sphere.obj */,
				C6441EFE22B7FDF400CAA3FE /* sand textures */,
				C6441ECC22B7122B00CAA3FE /* cruiser */,
			);
			path = Resources;
			sourceTree = "<group>";
		};
		C6441ECC22B7122B00CAA3FE /* cruiser */ = {
			isa = PBXGroup;
			children = (
				C6441ECF22B7124900CAA3FE /* cruiser.bmp */,
				C6441ECD22B7124900CAA3FE /* cruiser.mtl */,
				C6441ECE22B7124900CAA3FE /* cruiser.obj */,
			);
			path = cruiser;
			sourceTree = "<group>";
		};
		C6441ED522B712EE00CAA3FE /* input */ = {
			isa = PBXGroup;
			children = (
				C6441ED622B712EE00CAA3FE /* KeyCodes.swift */,
				C6441ED722B712EE00CAA3FE /* Mouse.swift */,
				C6441ED822B712EE00CAA3FE /* Keyboard.swift */,
			);
			path = input;
			sourceTree = "<group>";
		};
		C6441EDC22B7178600CAA3FE /* textures */ = {
			isa = PBXGroup;
			children = (
				C6441EDD22B717B900CAA3FE /* TextureLibrary.swift */,
			);
			path = textures;
			sourceTree = "<group>";
		};
		C6441EE922B7F9CC00CAA3FE /* light_objects */ = {
			isa = PBXGroup;
			children = (
				C6441EE722B7F9C800CAA3FE /* Lamp.swift */,
			);
			path = light_objects;
			sourceTree = "<group>";
		};
		C6441EFE22B7FDF400CAA3FE /* sand textures */ = {
			isa = PBXGroup;
			children = (
				C6441EFF22B7FDF400CAA3FE /* sand_ambient_occlusion.png */,
				C6441F0022B7FDF400CAA3FE /* sand_glossiness.png */,
				C6441F0122B7FDF400CAA3FE /* sand_height.png */,
				C6441F0222B7FDF400CAA3FE /* sand_normal.png */,
				C6441F0322B7FDF400CAA3FE /* README.md */,
				C6441F0422B7FDF400CAA3FE /* sand_basecolor.png */,
				C6441F0522B7FDF400CAA3FE /* sand_preview.png */,
			);
			path = "sand textures";
			sourceTree = "<group>";
		};
		C6B6551F22C598B300F99990 /* Frameworks */ = {
			isa = PBXGroup;
			children = (
				C6B6552022C598B300F99990 /* HolyGrailFramework.framework */,
			);
			name = Frameworks;
			sourceTree = "<group>";
		};
/* End PBXGroup section */

/* Begin PBXNativeTarget section */
		C60A119722B257A200B3F509 /* HolyGrailGameEngine */ = {
			isa = PBXNativeTarget;
			buildConfigurationList = C60A11C122B257A200B3F509 /* Build configuration list for PBXNativeTarget "HolyGrailGameEngine" */;
			buildPhases = (
				C60A119422B257A200B3F509 /* Sources */,
				C60A119522B257A200B3F509 /* Frameworks */,
				C60A119622B257A200B3F509 /* Resources */,
			);
			buildRules = (
			);
			dependencies = (
			);
			name = HolyGrailGameEngine;
			productName = HolyGrailGameEngine;
			productReference = C60A119822B257A200B3F509 /* HolyGrailGameEngine.app */;
			productType = "com.apple.product-type.application";
		};
		C60A11AC22B257A200B3F509 /* HolyGrailGameEngineTests */ = {
			isa = PBXNativeTarget;
			buildConfigurationList = C60A11C422B257A200B3F509 /* Build configuration list for PBXNativeTarget "HolyGrailGameEngineTests" */;
			buildPhases = (
				C60A11A922B257A200B3F509 /* Sources */,
				C60A11AA22B257A200B3F509 /* Frameworks */,
				C60A11AB22B257A200B3F509 /* Resources */,
			);
			buildRules = (
			);
			dependencies = (
				C60A11AF22B257A200B3F509 /* PBXTargetDependency */,
			);
			name = HolyGrailGameEngineTests;
			productName = HolyGrailGameEngineTests;
			productReference = C60A11AD22B257A200B3F509 /* HolyGrailGameEngineTests.xctest */;
			productType = "com.apple.product-type.bundle.unit-test";
		};
		C60A11B722B257A200B3F509 /* HolyGrailGameEngineUITests */ = {
			isa = PBXNativeTarget;
			buildConfigurationList = C60A11C722B257A200B3F509 /* Build configuration list for PBXNativeTarget "HolyGrailGameEngineUITests" */;
			buildPhases = (
				C60A11B422B257A200B3F509 /* Sources */,
				C60A11B522B257A200B3F509 /* Frameworks */,
				C60A11B622B257A200B3F509 /* Resources */,
			);
			buildRules = (
			);
			dependencies = (
				C60A11BA22B257A200B3F509 /* PBXTargetDependency */,
			);
			name = HolyGrailGameEngineUITests;
			productName = HolyGrailGameEngineUITests;
			productReference = C60A11B822B257A200B3F509 /* HolyGrailGameEngineUITests.xctest */;
			productType = "com.apple.product-type.bundle.ui-testing";
		};
/* End PBXNativeTarget section */

/* Begin PBXProject section */
		C60A119022B257A200B3F509 /* Project object */ = {
			isa = PBXProject;
			attributes = {
				LastSwiftUpdateCheck = 1020;
				LastUpgradeCheck = 1020;
				ORGANIZATIONNAME = "Rick Twohy Jr";
				TargetAttributes = {
					C60A119722B257A200B3F509 = {
						CreatedOnToolsVersion = 10.2;
					};
					C60A11AC22B257A200B3F509 = {
						CreatedOnToolsVersion = 10.2;
						TestTargetID = C60A119722B257A200B3F509;
					};
					C60A11B722B257A200B3F509 = {
						CreatedOnToolsVersion = 10.2;
						TestTargetID = C60A119722B257A200B3F509;
					};
				};
			};
			buildConfigurationList = C60A119322B257A200B3F509 /* Build configuration list for PBXProject "HolyGrailGameEngine" */;
			compatibilityVersion = "Xcode 9.3";
			developmentRegion = en;
			hasScannedForEncodings = 0;
			knownRegions = (
				en,
				Base,
			);
			mainGroup = C60A118F22B257A200B3F509;
			productRefGroup = C60A119922B257A200B3F509 /* Products */;
			projectDirPath = "";
			projectRoot = "";
			targets = (
				C60A119722B257A200B3F509 /* HolyGrailGameEngine */,
				C60A11AC22B257A200B3F509 /* HolyGrailGameEngineTests */,
				C60A11B722B257A200B3F509 /* HolyGrailGameEngineUITests */,
			);
		};
/* End PBXProject section */

/* Begin PBXResourcesBuildPhase section */
		C60A119622B257A200B3F509 /* Resources */ = {
			isa = PBXResourcesBuildPhase;
			buildActionMask = 2147483647;
			files = (
				C60A11A322B257A200B3F509 /* Assets.xcassets in Resources */,
				C6441ED122B7124900CAA3FE /* cruiser.obj in Resources */,
				C6441F0822B7FDF400CAA3FE /* sand_height.png in Resources */,
				C6441F0C22B7FDF400CAA3FE /* sand_preview.png in Resources */,
				C6441F0622B7FDF400CAA3FE /* sand_ambient_occlusion.png in Resources */,
				C6441F0B22B7FDF400CAA3FE /* sand_basecolor.png in Resources */,
				C60A11A622B257A200B3F509 /* Main.storyboard in Resources */,
				C6441ED022B7124900CAA3FE /* cruiser.mtl in Resources */,
				C6441F0922B7FDF400CAA3FE /* sand_normal.png in Resources */,
				C6441F0722B7FDF400CAA3FE /* sand_glossiness.png in Resources */,
				C6441EEC22B7FAF200CAA3FE /* sphere.obj in Resources */,
				C6441F0A22B7FDF400CAA3FE /* README.md in Resources */,
				C642C1D622CAEEBC009493D6 /* bird.png in Resources */,
				C6441ED222B7124900CAA3FE /* cruiser.bmp in Resources */,
			);
			runOnlyForDeploymentPostprocessing = 0;
		};
		C60A11AB22B257A200B3F509 /* Resources */ = {
			isa = PBXResourcesBuildPhase;
			buildActionMask = 2147483647;
			files = (
			);
			runOnlyForDeploymentPostprocessing = 0;
		};
		C60A11B622B257A200B3F509 /* Resources */ = {
			isa = PBXResourcesBuildPhase;
			buildActionMask = 2147483647;
			files = (
			);
			runOnlyForDeploymentPostprocessing = 0;
		};
/* End PBXResourcesBuildPhase section */

/* Begin PBXSourcesBuildPhase section */
		C60A119422B257A200B3F509 /* Sources */ = {
			isa = PBXSourcesBuildPhase;
			buildActionMask = 2147483647;
			files = (
				C6441ED922B712EE00CAA3FE /* KeyCodes.swift in Sources */,
				C6441EE022B7321A00CAA3FE /* SamperStateLibrary.swift in Sources */,
				C6441EAF22B5CCD600CAA3FE /* Shader.swift in Sources */,
				C6441EBA22B673D000CAA3FE /* MetalTypes.metal in Sources */,
				C60A11D222B25C3200B3F509 /* EngineSettings.swift in Sources */,
				C60A11E022B2B0BA00B3F509 /* GameNode.swift in Sources */,
				C6441EC622B68AB900CAA3FE /* BufferManager.swift in Sources */,
				C60A11D622B2A4C900B3F509 /* BasicShaders.metal in Sources */,
				C6441EDA22B712EE00CAA3FE /* Mouse.swift in Sources */,
				C6AAEA9922BC7CE500DF7AC0 /* Computable.swift in Sources */,
				C6441ECA22B710FD00CAA3FE /* ModelMeshes.swift in Sources */,
				C6441EB322B5CEB200CAA3FE /* RenderPipelineStateLibrary.swift in Sources */,
				C60A11E522B2B2DB00B3F509 /* Renderable.swift in Sources */,
				C60A11E722B2B32E00B3F509 /* GameScene.swift in Sources */,
				C6441EBF22B6767800CAA3FE /* DebugCamera.swift in Sources */,
				C60A11A122B257A200B3F509 /* HolyGrailGameEngine.xcdatamodeld in Sources */,
				C6441EE822B7F9C800CAA3FE /* Lamp.swift in Sources */,
				C60A11DA22B2A68C00B3F509 /* MetalTypes.swift in Sources */,
				C617AF4522D19C2000A14D10 /* Bounds.swift in Sources */,
				C60A11F822B3B59D00B3F509 /* Library.swift in Sources */,
				C642C1AE22C7027F009493D6 /* Terrain.swift in Sources */,
				C60A11DD22B2B03A00B3F509 /* math.swift in Sources */,
				C6441EC222B67D5A00CAA3FE /* SceneManager.swift in Sources */,
				C6441EE622B7F89000CAA3FE /* GameLightObject.swift in Sources */,
				C60A11FA22B3B9BD00B3F509 /* CustomMeshes.swift in Sources */,
				C60A11FC22B3BAE700B3F509 /* Entities.swift in Sources */,
				C6441EDE22B717B900CAA3FE /* TextureLibrary.swift in Sources */,
				C60A11F322B3B47400B3F509 /* MeshLibrary.swift in Sources */,
				C60A11E222B2B1EC00B3F509 /* GameTime.swift in Sources */,
				C6441EB522B5D3CD00CAA3FE /* Graphics.swift in Sources */,
				C60A11E922B2B45200B3F509 /* GameObject.swift in Sources */,
				C60A11CD22B2597F00B3F509 /* Renderer.swift in Sources */,
				C60A119E22B257A200B3F509 /* MainView.swift in Sources */,
				C6441EC422B67F2000CAA3FE /* CameraManager.swift in Sources */,
				C60A119C22B257A200B3F509 /* AppDelegate.swift in Sources */,
				C6441EBC22B675DD00CAA3FE /* GameCamera.swift in Sources */,
				C60A11ED22B2B49A00B3F509 /* SandboxScene.swift in Sources */,
				C6441EE422B7F4F400CAA3FE /* LightManager.swift in Sources */,
				C6AAEA9722BC79A600DF7AC0 /* ComputePipelineStateLibrary.swift in Sources */,
				C68D076522BC6836006B6583 /* TerrainScene.swift in Sources */,
				C6441EDB22B712EE00CAA3FE /* Keyboard.swift in Sources */,
				C68D076322BC6812006B6583 /* Quad.swift in Sources */,
				C6441EFD22B7FD6C00CAA3FE /* Sphere.swift in Sources */,
				C617AF4322D1966000A14D10 /* Tessellation.metal in Sources */,
				C60A11CF22B25A1500B3F509 /* Engine.swift in Sources */,
				C6441ED422B7126700CAA3FE /* Cruiser.swift in Sources */,
				C60A11EF22B2B4A500B3F509 /* Triangle.swift in Sources */,
				C6441EE222B7327700CAA3FE /* DepthStencilStateLibrary.swift in Sources */,
			);
			runOnlyForDeploymentPostprocessing = 0;
		};
		C60A11A922B257A200B3F509 /* Sources */ = {
			isa = PBXSourcesBuildPhase;
			buildActionMask = 2147483647;
			files = (
				C60A11B222B257A200B3F509 /* HolyGrailGameEngineTests.swift in Sources */,
			);
			runOnlyForDeploymentPostprocessing = 0;
		};
		C60A11B422B257A200B3F509 /* Sources */ = {
			isa = PBXSourcesBuildPhase;
			buildActionMask = 2147483647;
			files = (
				C60A11BD22B257A200B3F509 /* HolyGrailGameEngineUITests.swift in Sources */,
			);
			runOnlyForDeploymentPostprocessing = 0;
		};
/* End PBXSourcesBuildPhase section */

/* Begin PBXTargetDependency section */
		C60A11AF22B257A200B3F509 /* PBXTargetDependency */ = {
			isa = PBXTargetDependency;
			target = C60A119722B257A200B3F509 /* HolyGrailGameEngine */;
			targetProxy = C60A11AE22B257A200B3F509 /* PBXContainerItemProxy */;
		};
		C60A11BA22B257A200B3F509 /* PBXTargetDependency */ = {
			isa = PBXTargetDependency;
			target = C60A119722B257A200B3F509 /* HolyGrailGameEngine */;
			targetProxy = C60A11B922B257A200B3F509 /* PBXContainerItemProxy */;
		};
/* End PBXTargetDependency section */

/* Begin PBXVariantGroup section */
		C60A11A422B257A200B3F509 /* Main.storyboard */ = {
			isa = PBXVariantGroup;
			children = (
				C60A11A522B257A200B3F509 /* Base */,
			);
			name = Main.storyboard;
			sourceTree = "<group>";
		};
/* End PBXVariantGroup section */

/* Begin XCBuildConfiguration section */
		C60A11BF22B257A200B3F509 /* Debug */ = {
			isa = XCBuildConfiguration;
			buildSettings = {
				ALWAYS_SEARCH_USER_PATHS = NO;
				CLANG_ANALYZER_NONNULL = YES;
				CLANG_ANALYZER_NUMBER_OBJECT_CONVERSION = YES_AGGRESSIVE;
				CLANG_CXX_LANGUAGE_STANDARD = "gnu++14";
				CLANG_CXX_LIBRARY = "libc++";
				CLANG_ENABLE_MODULES = YES;
				CLANG_ENABLE_OBJC_ARC = YES;
				CLANG_ENABLE_OBJC_WEAK = YES;
				CLANG_WARN_BLOCK_CAPTURE_AUTORELEASING = YES;
				CLANG_WARN_BOOL_CONVERSION = YES;
				CLANG_WARN_COMMA = YES;
				CLANG_WARN_CONSTANT_CONVERSION = YES;
				CLANG_WARN_DEPRECATED_OBJC_IMPLEMENTATIONS = YES;
				CLANG_WARN_DIRECT_OBJC_ISA_USAGE = YES_ERROR;
				CLANG_WARN_DOCUMENTATION_COMMENTS = YES;
				CLANG_WARN_EMPTY_BODY = YES;
				CLANG_WARN_ENUM_CONVERSION = YES;
				CLANG_WARN_INFINITE_RECURSION = YES;
				CLANG_WARN_INT_CONVERSION = YES;
				CLANG_WARN_NON_LITERAL_NULL_CONVERSION = YES;
				CLANG_WARN_OBJC_IMPLICIT_RETAIN_SELF = YES;
				CLANG_WARN_OBJC_LITERAL_CONVERSION = YES;
				CLANG_WARN_OBJC_ROOT_CLASS = YES_ERROR;
				CLANG_WARN_RANGE_LOOP_ANALYSIS = YES;
				CLANG_WARN_STRICT_PROTOTYPES = YES;
				CLANG_WARN_SUSPICIOUS_MOVE = YES;
				CLANG_WARN_UNGUARDED_AVAILABILITY = YES_AGGRESSIVE;
				CLANG_WARN_UNREACHABLE_CODE = YES;
				CLANG_WARN__DUPLICATE_METHOD_MATCH = YES;
				CODE_SIGN_IDENTITY = "Mac Developer";
				COPY_PHASE_STRIP = NO;
				DEBUG_INFORMATION_FORMAT = dwarf;
				ENABLE_STRICT_OBJC_MSGSEND = YES;
				ENABLE_TESTABILITY = YES;
				GCC_C_LANGUAGE_STANDARD = gnu11;
				GCC_DYNAMIC_NO_PIC = NO;
				GCC_NO_COMMON_BLOCKS = YES;
				GCC_OPTIMIZATION_LEVEL = 0;
				GCC_PREPROCESSOR_DEFINITIONS = (
					"DEBUG=1",
					"$(inherited)",
				);
				GCC_WARN_64_TO_32_BIT_CONVERSION = YES;
				GCC_WARN_ABOUT_RETURN_TYPE = YES_ERROR;
				GCC_WARN_UNDECLARED_SELECTOR = YES;
				GCC_WARN_UNINITIALIZED_AUTOS = YES_AGGRESSIVE;
				GCC_WARN_UNUSED_FUNCTION = YES;
				GCC_WARN_UNUSED_VARIABLE = YES;
				MACOSX_DEPLOYMENT_TARGET = 10.14;
				MTL_ENABLE_DEBUG_INFO = INCLUDE_SOURCE;
				MTL_FAST_MATH = YES;
				ONLY_ACTIVE_ARCH = YES;
				SDKROOT = macosx;
				SWIFT_ACTIVE_COMPILATION_CONDITIONS = DEBUG;
				SWIFT_OPTIMIZATION_LEVEL = "-Onone";
			};
			name = Debug;
		};
		C60A11C022B257A200B3F509 /* Release */ = {
			isa = XCBuildConfiguration;
			buildSettings = {
				ALWAYS_SEARCH_USER_PATHS = NO;
				CLANG_ANALYZER_NONNULL = YES;
				CLANG_ANALYZER_NUMBER_OBJECT_CONVERSION = YES_AGGRESSIVE;
				CLANG_CXX_LANGUAGE_STANDARD = "gnu++14";
				CLANG_CXX_LIBRARY = "libc++";
				CLANG_ENABLE_MODULES = YES;
				CLANG_ENABLE_OBJC_ARC = YES;
				CLANG_ENABLE_OBJC_WEAK = YES;
				CLANG_WARN_BLOCK_CAPTURE_AUTORELEASING = YES;
				CLANG_WARN_BOOL_CONVERSION = YES;
				CLANG_WARN_COMMA = YES;
				CLANG_WARN_CONSTANT_CONVERSION = YES;
				CLANG_WARN_DEPRECATED_OBJC_IMPLEMENTATIONS = YES;
				CLANG_WARN_DIRECT_OBJC_ISA_USAGE = YES_ERROR;
				CLANG_WARN_DOCUMENTATION_COMMENTS = YES;
				CLANG_WARN_EMPTY_BODY = YES;
				CLANG_WARN_ENUM_CONVERSION = YES;
				CLANG_WARN_INFINITE_RECURSION = YES;
				CLANG_WARN_INT_CONVERSION = YES;
				CLANG_WARN_NON_LITERAL_NULL_CONVERSION = YES;
				CLANG_WARN_OBJC_IMPLICIT_RETAIN_SELF = YES;
				CLANG_WARN_OBJC_LITERAL_CONVERSION = YES;
				CLANG_WARN_OBJC_ROOT_CLASS = YES_ERROR;
				CLANG_WARN_RANGE_LOOP_ANALYSIS = YES;
				CLANG_WARN_STRICT_PROTOTYPES = YES;
				CLANG_WARN_SUSPICIOUS_MOVE = YES;
				CLANG_WARN_UNGUARDED_AVAILABILITY = YES_AGGRESSIVE;
				CLANG_WARN_UNREACHABLE_CODE = YES;
				CLANG_WARN__DUPLICATE_METHOD_MATCH = YES;
				CODE_SIGN_IDENTITY = "Mac Developer";
				COPY_PHASE_STRIP = NO;
				DEBUG_INFORMATION_FORMAT = "dwarf-with-dsym";
				ENABLE_NS_ASSERTIONS = NO;
				ENABLE_STRICT_OBJC_MSGSEND = YES;
				GCC_C_LANGUAGE_STANDARD = gnu11;
				GCC_NO_COMMON_BLOCKS = YES;
				GCC_WARN_64_TO_32_BIT_CONVERSION = YES;
				GCC_WARN_ABOUT_RETURN_TYPE = YES_ERROR;
				GCC_WARN_UNDECLARED_SELECTOR = YES;
				GCC_WARN_UNINITIALIZED_AUTOS = YES_AGGRESSIVE;
				GCC_WARN_UNUSED_FUNCTION = YES;
				GCC_WARN_UNUSED_VARIABLE = YES;
				MACOSX_DEPLOYMENT_TARGET = 10.14;
				MTL_ENABLE_DEBUG_INFO = NO;
				MTL_FAST_MATH = YES;
				SDKROOT = macosx;
				SWIFT_COMPILATION_MODE = wholemodule;
				SWIFT_OPTIMIZATION_LEVEL = "-O";
			};
			name = Release;
		};
		C60A11C222B257A200B3F509 /* Debug */ = {
			isa = XCBuildConfiguration;
			buildSettings = {
				ASSETCATALOG_COMPILER_APPICON_NAME = AppIcon;
				CODE_SIGN_ENTITLEMENTS = HolyGrailGameEngine/OtherFiles/HolyGrailGameEngine.entitlements;
				CODE_SIGN_STYLE = Automatic;
				COMBINE_HIDPI_IMAGES = YES;
				DEVELOPMENT_TEAM = 9QQ2JZFGTQ;
				INFOPLIST_FILE = "$(SRCROOT)/HolyGrailGameEngine/OtherFiles/Info.plist";
				LD_RUNPATH_SEARCH_PATHS = (
					"$(inherited)",
					"@executable_path/../Frameworks",
				);
				PRODUCT_BUNDLE_IDENTIFIER = com.ricktwohy.HolyGrailGameEngine;
				PRODUCT_NAME = "$(TARGET_NAME)";
				SWIFT_VERSION = 5.0;
			};
			name = Debug;
		};
		C60A11C322B257A200B3F509 /* Release */ = {
			isa = XCBuildConfiguration;
			buildSettings = {
				ASSETCATALOG_COMPILER_APPICON_NAME = AppIcon;
				CODE_SIGN_ENTITLEMENTS = HolyGrailGameEngine/OtherFiles/HolyGrailGameEngine.entitlements;
				CODE_SIGN_STYLE = Automatic;
				COMBINE_HIDPI_IMAGES = YES;
				DEVELOPMENT_TEAM = 9QQ2JZFGTQ;
				INFOPLIST_FILE = "$(SRCROOT)/HolyGrailGameEngine/OtherFiles/Info.plist";
				LD_RUNPATH_SEARCH_PATHS = (
					"$(inherited)",
					"@executable_path/../Frameworks",
				);
				PRODUCT_BUNDLE_IDENTIFIER = com.ricktwohy.HolyGrailGameEngine;
				PRODUCT_NAME = "$(TARGET_NAME)";
				SWIFT_VERSION = 5.0;
			};
			name = Release;
		};
		C60A11C522B257A200B3F509 /* Debug */ = {
			isa = XCBuildConfiguration;
			buildSettings = {
				ALWAYS_EMBED_SWIFT_STANDARD_LIBRARIES = YES;
				BUNDLE_LOADER = "$(TEST_HOST)";
				CODE_SIGN_STYLE = Automatic;
				COMBINE_HIDPI_IMAGES = YES;
				DEVELOPMENT_TEAM = 9QQ2JZFGTQ;
				INFOPLIST_FILE = HolyGrailGameEngineTests/Info.plist;
				LD_RUNPATH_SEARCH_PATHS = (
					"$(inherited)",
					"@executable_path/../Frameworks",
					"@loader_path/../Frameworks",
				);
				PRODUCT_BUNDLE_IDENTIFIER = com.ricktwohy.HolyGrailGameEngineTests;
				PRODUCT_NAME = "$(TARGET_NAME)";
				SWIFT_VERSION = 5.0;
				TEST_HOST = "$(BUILT_PRODUCTS_DIR)/HolyGrailGameEngine.app/Contents/MacOS/HolyGrailGameEngine";
			};
			name = Debug;
		};
		C60A11C622B257A200B3F509 /* Release */ = {
			isa = XCBuildConfiguration;
			buildSettings = {
				ALWAYS_EMBED_SWIFT_STANDARD_LIBRARIES = YES;
				BUNDLE_LOADER = "$(TEST_HOST)";
				CODE_SIGN_STYLE = Automatic;
				COMBINE_HIDPI_IMAGES = YES;
				DEVELOPMENT_TEAM = 9QQ2JZFGTQ;
				INFOPLIST_FILE = HolyGrailGameEngineTests/Info.plist;
				LD_RUNPATH_SEARCH_PATHS = (
					"$(inherited)",
					"@executable_path/../Frameworks",
					"@loader_path/../Frameworks",
				);
				PRODUCT_BUNDLE_IDENTIFIER = com.ricktwohy.HolyGrailGameEngineTests;
				PRODUCT_NAME = "$(TARGET_NAME)";
				SWIFT_VERSION = 5.0;
				TEST_HOST = "$(BUILT_PRODUCTS_DIR)/HolyGrailGameEngine.app/Contents/MacOS/HolyGrailGameEngine";
			};
			name = Release;
		};
		C60A11C822B257A200B3F509 /* Debug */ = {
			isa = XCBuildConfiguration;
			buildSettings = {
				ALWAYS_EMBED_SWIFT_STANDARD_LIBRARIES = YES;
				CODE_SIGN_STYLE = Automatic;
				COMBINE_HIDPI_IMAGES = YES;
				DEVELOPMENT_TEAM = 9QQ2JZFGTQ;
				INFOPLIST_FILE = HolyGrailGameEngineUITests/Info.plist;
				LD_RUNPATH_SEARCH_PATHS = (
					"$(inherited)",
					"@executable_path/../Frameworks",
					"@loader_path/../Frameworks",
				);
				PRODUCT_BUNDLE_IDENTIFIER = com.ricktwohy.HolyGrailGameEngineUITests;
				PRODUCT_NAME = "$(TARGET_NAME)";
				SWIFT_VERSION = 5.0;
				TEST_TARGET_NAME = HolyGrailGameEngine;
			};
			name = Debug;
		};
		C60A11C922B257A200B3F509 /* Release */ = {
			isa = XCBuildConfiguration;
			buildSettings = {
				ALWAYS_EMBED_SWIFT_STANDARD_LIBRARIES = YES;
				CODE_SIGN_STYLE = Automatic;
				COMBINE_HIDPI_IMAGES = YES;
				DEVELOPMENT_TEAM = 9QQ2JZFGTQ;
				INFOPLIST_FILE = HolyGrailGameEngineUITests/Info.plist;
				LD_RUNPATH_SEARCH_PATHS = (
					"$(inherited)",
					"@executable_path/../Frameworks",
					"@loader_path/../Frameworks",
				);
				PRODUCT_BUNDLE_IDENTIFIER = com.ricktwohy.HolyGrailGameEngineUITests;
				PRODUCT_NAME = "$(TARGET_NAME)";
				SWIFT_VERSION = 5.0;
				TEST_TARGET_NAME = HolyGrailGameEngine;
			};
			name = Release;
		};
/* End XCBuildConfiguration section */

/* Begin XCConfigurationList section */
		C60A119322B257A200B3F509 /* Build configuration list for PBXProject "HolyGrailGameEngine" */ = {
			isa = XCConfigurationList;
			buildConfigurations = (
				C60A11BF22B257A200B3F509 /* Debug */,
				C60A11C022B257A200B3F509 /* Release */,
			);
			defaultConfigurationIsVisible = 0;
			defaultConfigurationName = Release;
		};
		C60A11C122B257A200B3F509 /* Build configuration list for PBXNativeTarget "HolyGrailGameEngine" */ = {
			isa = XCConfigurationList;
			buildConfigurations = (
				C60A11C222B257A200B3F509 /* Debug */,
				C60A11C322B257A200B3F509 /* Release */,
			);
			defaultConfigurationIsVisible = 0;
			defaultConfigurationName = Release;
		};
		C60A11C422B257A200B3F509 /* Build configuration list for PBXNativeTarget "HolyGrailGameEngineTests" */ = {
			isa = XCConfigurationList;
			buildConfigurations = (
				C60A11C522B257A200B3F509 /* Debug */,
				C60A11C622B257A200B3F509 /* Release */,
			);
			defaultConfigurationIsVisible = 0;
			defaultConfigurationName = Release;
		};
		C60A11C722B257A200B3F509 /* Build configuration list for PBXNativeTarget "HolyGrailGameEngineUITests" */ = {
			isa = XCConfigurationList;
			buildConfigurations = (
				C60A11C822B257A200B3F509 /* Debug */,
				C60A11C922B257A200B3F509 /* Release */,
			);
			defaultConfigurationIsVisible = 0;
			defaultConfigurationName = Release;
		};
/* End XCConfigurationList section */

/* Begin XCVersionGroup section */
		C60A119F22B257A200B3F509 /* HolyGrailGameEngine.xcdatamodeld */ = {
			isa = XCVersionGroup;
			children = (
				C60A11A022B257A200B3F509 /* HolyGrailGameEngine.xcdatamodel */,
			);
			currentVersion = C60A11A022B257A200B3F509 /* HolyGrailGameEngine.xcdatamodel */;
			path = HolyGrailGameEngine.xcdatamodeld;
			sourceTree = "<group>";
			versionGroupType = wrapper.xcdatamodel;
		};
/* End XCVersionGroup section */
	};
	rootObject = C60A119022B257A200B3F509 /* Project object */;
}
